
Microsoft Visual Studio Solution File, Format Version 12.00
# Visual Studio 15
VisualStudioVersion = 15.0.26730.12
MinimumVisualStudioVersion = 10.0.40219.1
Project("{FAE04EC0-301F-11D3-BF4B-00C04F79EFBC}") = "SampleScreenShot.Android", "SampleScreenShot\SampleScreenShot.Android\SampleScreenShot.Android.csproj", "{884450F6-9DBD-48A4-B657-0A5D9E690351}"
EndProject
Project("{FAE04EC0-301F-11D3-BF4B-00C04F79EFBC}") = "SampleScreenShot", "SampleScreenShot\SampleScreenShot\SampleScreenShot.csproj", "{DB15BA2A-71A0-4883-9E04-699D299949C3}"
EndProject
Project("{FAE04EC0-301F-11D3-BF4B-00C04F79EFBC}") = "SampleScreenShot.UWP", "SampleScreenShot\SampleScreenShot.UWP\SampleScreenShot.UWP.csproj", "{D4D62D5A-72BE-41BC-8A5C-6699A8051B35}"
EndProject
Project("{FAE04EC0-301F-11D3-BF4B-00C04F79EFBC}") = "SampleScreenShot.iOS", "SampleScreenShot\SampleScreenShot.iOS\SampleScreenShot.iOS.csproj", "{4DDA647C-A94A-4E17-BCB7-49347A755533}"
EndProject
Global
	GlobalSection(SolutionConfigurationPlatforms) = preSolution
		Ad-Hoc|Any CPU = Ad-Hoc|Any CPU
		Ad-Hoc|ARM = Ad-Hoc|ARM
		Ad-Hoc|iPhone = Ad-Hoc|iPhone
		Ad-Hoc|iPhoneSimulator = Ad-Hoc|iPhoneSimulator
		Ad-Hoc|x64 = Ad-Hoc|x64
		Ad-Hoc|x86 = Ad-Hoc|x86
		AppStore|Any CPU = AppStore|Any CPU
		AppStore|ARM = AppStore|ARM
		AppStore|iPhone = AppStore|iPhone
		AppStore|iPhoneSimulator = AppStore|iPhoneSimulator
		AppStore|x64 = AppStore|x64
		AppStore|x86 = AppStore|x86
		Debug|Any CPU = Debug|Any CPU
		Debug|ARM = Debug|ARM
		Debug|iPhone = Debug|iPhone
		Debug|iPhoneSimulator = Debug|iPhoneSimulator
		Debug|x64 = Debug|x64
		Debug|x86 = Debug|x86
		Release|Any CPU = Release|Any CPU
		Release|ARM = Release|ARM
		Release|iPhone = Release|iPhone
		Release|iPhoneSimulator = Release|iPhoneSimulator
		Release|x64 = Release|x64
		Release|x86 = Release|x86
	EndGlobalSection
	GlobalSection(ProjectConfigurationPlatforms) = postSolution
		{884450F6-9DBD-48A4-B657-0A5D9E690351}.Ad-Hoc|Any CPU.ActiveCfg = Release|Any CPU
		{884450F6-9DBD-48A4-B657-0A5D9E690351}.Ad-Hoc|Any CPU.Build.0 = Release|Any CPU
		{884450F6-9DBD-48A4-B657-0A5D9E690351}.Ad-Hoc|Any CPU.Deploy.0 = Release|Any CPU
		{884450F6-9DBD-48A4-B657-0A5D9E690351}.Ad-Hoc|ARM.ActiveCfg = Release|Any CPU
		{884450F6-9DBD-48A4-B657-0A5D9E690351}.Ad-Hoc|ARM.Build.0 = Release|Any CPU
		{884450F6-9DBD-48A4-B657-0A5D9E690351}.Ad-Hoc|ARM.Deploy.0 = Release|Any CPU
		{884450F6-9DBD-48A4-B657-0A5D9E690351}.Ad-Hoc|iPhone.ActiveCfg = Release|Any CPU
		{884450F6-9DBD-48A4-B657-0A5D9E690351}.Ad-Hoc|iPhone.Build.0 = Release|Any CPU
		{884450F6-9DBD-48A4-B657-0A5D9E690351}.Ad-Hoc|iPhone.Deploy.0 = Release|Any CPU
		{884450F6-9DBD-48A4-B657-0A5D9E690351}.Ad-Hoc|iPhoneSimulator.ActiveCfg = Release|Any CPU
		{884450F6-9DBD-48A4-B657-0A5D9E690351}.Ad-Hoc|iPhoneSimulator.Build.0 = Release|Any CPU
		{884450F6-9DBD-48A4-B657-0A5D9E690351}.Ad-Hoc|iPhoneSimulator.Deploy.0 = Release|Any CPU
		{884450F6-9DBD-48A4-B657-0A5D9E690351}.Ad-Hoc|x64.ActiveCfg = Release|Any CPU
		{884450F6-9DBD-48A4-B657-0A5D9E690351}.Ad-Hoc|x64.Build.0 = Release|Any CPU
		{884450F6-9DBD-48A4-B657-0A5D9E690351}.Ad-Hoc|x64.Deploy.0 = Release|Any CPU
		{884450F6-9DBD-48A4-B657-0A5D9E690351}.Ad-Hoc|x86.ActiveCfg = Release|Any CPU
		{884450F6-9DBD-48A4-B657-0A5D9E690351}.Ad-Hoc|x86.Build.0 = Release|Any CPU
		{884450F6-9DBD-48A4-B657-0A5D9E690351}.Ad-Hoc|x86.Deploy.0 = Release|Any CPU
		{884450F6-9DBD-48A4-B657-0A5D9E690351}.AppStore|Any CPU.ActiveCfg = Release|Any CPU
		{884450F6-9DBD-48A4-B657-0A5D9E690351}.AppStore|Any CPU.Build.0 = Release|Any CPU
		{884450F6-9DBD-48A4-B657-0A5D9E690351}.AppStore|Any CPU.Deploy.0 = Release|Any CPU
		{884450F6-9DBD-48A4-B657-0A5D9E690351}.AppStore|ARM.ActiveCfg = Release|Any CPU
		{884450F6-9DBD-48A4-B657-0A5D9E690351}.AppStore|ARM.Build.0 = Release|Any CPU
		{884450F6-9DBD-48A4-B657-0A5D9E690351}.AppStore|ARM.Deploy.0 = Release|Any CPU
		{884450F6-9DBD-48A4-B657-0A5D9E690351}.AppStore|iPhone.ActiveCfg = Release|Any CPU
		{884450F6-9DBD-48A4-B657-0A5D9E690351}.AppStore|iPhone.Build.0 = Release|Any CPU
		{884450F6-9DBD-48A4-B657-0A5D9E690351}.AppStore|iPhone.Deploy.0 = Release|Any CPU
		{884450F6-9DBD-48A4-B657-0A5D9E690351}.AppStore|iPhoneSimulator.ActiveCfg = Release|Any CPU
		{884450F6-9DBD-48A4-B657-0A5D9E690351}.AppStore|iPhoneSimulator.Build.0 = Release|Any CPU
		{884450F6-9DBD-48A4-B657-0A5D9E690351}.AppStore|iPhoneSimulator.Deploy.0 = Release|Any CPU
		{884450F6-9DBD-48A4-B657-0A5D9E690351}.AppStore|x64.ActiveCfg = Release|Any CPU
		{884450F6-9DBD-48A4-B657-0A5D9E690351}.AppStore|x64.Build.0 = Release|Any CPU
		{884450F6-9DBD-48A4-B657-0A5D9E690351}.AppStore|x64.Deploy.0 = Release|Any CPU
		{884450F6-9DBD-48A4-B657-0A5D9E690351}.AppStore|x86.ActiveCfg = Release|Any CPU
		{884450F6-9DBD-48A4-B657-0A5D9E690351}.AppStore|x86.Build.0 = Release|Any CPU
		{884450F6-9DBD-48A4-B657-0A5D9E690351}.AppStore|x86.Deploy.0 = Release|Any CPU
		{884450F6-9DBD-48A4-B657-0A5D9E690351}.Debug|Any CPU.ActiveCfg = Debug|Any CPU
		{884450F6-9DBD-48A4-B657-0A5D9E690351}.Debug|Any CPU.Build.0 = Debug|Any CPU
		{884450F6-9DBD-48A4-B657-0A5D9E690351}.Debug|Any CPU.Deploy.0 = Debug|Any CPU
		{884450F6-9DBD-48A4-B657-0A5D9E690351}.Debug|ARM.ActiveCfg = Debug|Any CPU
		{884450F6-9DBD-48A4-B657-0A5D9E690351}.Debug|ARM.Build.0 = Debug|Any CPU
		{884450F6-9DBD-48A4-B657-0A5D9E690351}.Debug|ARM.Deploy.0 = Debug|Any CPU
		{884450F6-9DBD-48A4-B657-0A5D9E690351}.Debug|iPhone.ActiveCfg = Debug|Any CPU
		{884450F6-9DBD-48A4-B657-0A5D9E690351}.Debug|iPhone.Build.0 = Debug|Any CPU
		{884450F6-9DBD-48A4-B657-0A5D9E690351}.Debug|iPhone.Deploy.0 = Debug|Any CPU
		{884450F6-9DBD-48A4-B657-0A5D9E690351}.Debug|iPhoneSimulator.ActiveCfg = Debug|Any CPU
		{884450F6-9DBD-48A4-B657-0A5D9E690351}.Debug|iPhoneSimulator.Build.0 = Debug|Any CPU
		{884450F6-9DBD-48A4-B657-0A5D9E690351}.Debug|iPhoneSimulator.Deploy.0 = Debug|Any CPU
		{884450F6-9DBD-48A4-B657-0A5D9E690351}.Debug|x64.ActiveCfg = Debug|Any CPU
		{884450F6-9DBD-48A4-B657-0A5D9E690351}.Debug|x64.Build.0 = Debug|Any CPU
		{884450F6-9DBD-48A4-B657-0A5D9E690351}.Debug|x64.Deploy.0 = Debug|Any CPU
		{884450F6-9DBD-48A4-B657-0A5D9E690351}.Debug|x86.ActiveCfg = Debug|Any CPU
		{884450F6-9DBD-48A4-B657-0A5D9E690351}.Debug|x86.Build.0 = Debug|Any CPU
		{884450F6-9DBD-48A4-B657-0A5D9E690351}.Debug|x86.Deploy.0 = Debug|Any CPU
		{884450F6-9DBD-48A4-B657-0A5D9E690351}.Release|Any CPU.ActiveCfg = Release|Any CPU
		{884450F6-9DBD-48A4-B657-0A5D9E690351}.Release|Any CPU.Build.0 = Release|Any CPU
		{884450F6-9DBD-48A4-B657-0A5D9E690351}.Release|Any CPU.Deploy.0 = Release|Any CPU
		{884450F6-9DBD-48A4-B657-0A5D9E690351}.Release|ARM.ActiveCfg = Release|Any CPU
		{884450F6-9DBD-48A4-B657-0A5D9E690351}.Release|ARM.Build.0 = Release|Any CPU
		{884450F6-9DBD-48A4-B657-0A5D9E690351}.Release|ARM.Deploy.0 = Release|Any CPU
		{884450F6-9DBD-48A4-B657-0A5D9E690351}.Release|iPhone.ActiveCfg = Release|Any CPU
		{884450F6-9DBD-48A4-B657-0A5D9E690351}.Release|iPhone.Build.0 = Release|Any CPU
		{884450F6-9DBD-48A4-B657-0A5D9E690351}.Release|iPhone.Deploy.0 = Release|Any CPU
		{884450F6-9DBD-48A4-B657-0A5D9E690351}.Release|iPhoneSimulator.ActiveCfg = Release|Any CPU
		{884450F6-9DBD-48A4-B657-0A5D9E690351}.Release|iPhoneSimulator.Build.0 = Release|Any CPU
		{884450F6-9DBD-48A4-B657-0A5D9E690351}.Release|iPhoneSimulator.Deploy.0 = Release|Any CPU
		{884450F6-9DBD-48A4-B657-0A5D9E690351}.Release|x64.ActiveCfg = Release|Any CPU
		{884450F6-9DBD-48A4-B657-0A5D9E690351}.Release|x64.Build.0 = Release|Any CPU
		{884450F6-9DBD-48A4-B657-0A5D9E690351}.Release|x64.Deploy.0 = Release|Any CPU
		{884450F6-9DBD-48A4-B657-0A5D9E690351}.Release|x86.ActiveCfg = Release|Any CPU
		{884450F6-9DBD-48A4-B657-0A5D9E690351}.Release|x86.Build.0 = Release|Any CPU
		{884450F6-9DBD-48A4-B657-0A5D9E690351}.Release|x86.Deploy.0 = Release|Any CPU
		{DB15BA2A-71A0-4883-9E04-699D299949C3}.Ad-Hoc|Any CPU.ActiveCfg = Release|Any CPU
		{DB15BA2A-71A0-4883-9E04-699D299949C3}.Ad-Hoc|Any CPU.Build.0 = Release|Any CPU
		{DB15BA2A-71A0-4883-9E04-699D299949C3}.Ad-Hoc|ARM.ActiveCfg = Release|Any CPU
		{DB15BA2A-71A0-4883-9E04-699D299949C3}.Ad-Hoc|ARM.Build.0 = Release|Any CPU
		{DB15BA2A-71A0-4883-9E04-699D299949C3}.Ad-Hoc|iPhone.ActiveCfg = Release|Any CPU
		{DB15BA2A-71A0-4883-9E04-699D299949C3}.Ad-Hoc|iPhone.Build.0 = Release|Any CPU
		{DB15BA2A-71A0-4883-9E04-699D299949C3}.Ad-Hoc|iPhoneSimulator.ActiveCfg = Release|Any CPU
		{DB15BA2A-71A0-4883-9E04-699D299949C3}.Ad-Hoc|iPhoneSimulator.Build.0 = Release|Any CPU
		{DB15BA2A-71A0-4883-9E04-699D299949C3}.Ad-Hoc|x64.ActiveCfg = Release|Any CPU
		{DB15BA2A-71A0-4883-9E04-699D299949C3}.Ad-Hoc|x64.Build.0 = Release|Any CPU
		{DB15BA2A-71A0-4883-9E04-699D299949C3}.Ad-Hoc|x86.ActiveCfg = Release|Any CPU
		{DB15BA2A-71A0-4883-9E04-699D299949C3}.Ad-Hoc|x86.Build.0 = Release|Any CPU
		{DB15BA2A-71A0-4883-9E04-699D299949C3}.AppStore|Any CPU.ActiveCfg = Release|Any CPU
		{DB15BA2A-71A0-4883-9E04-699D299949C3}.AppStore|Any CPU.Build.0 = Release|Any CPU
		{DB15BA2A-71A0-4883-9E04-699D299949C3}.AppStore|ARM.ActiveCfg = Release|Any CPU
		{DB15BA2A-71A0-4883-9E04-699D299949C3}.AppStore|ARM.Build.0 = Release|Any CPU
		{DB15BA2A-71A0-4883-9E04-699D299949C3}.AppStore|iPhone.ActiveCfg = Release|Any CPU
		{DB15BA2A-71A0-4883-9E04-699D299949C3}.AppStore|iPhone.Build.0 = Release|Any CPU
		{DB15BA2A-71A0-4883-9E04-699D299949C3}.AppStore|iPhoneSimulator.ActiveCfg = Release|Any CPU
		{DB15BA2A-71A0-4883-9E04-699D299949C3}.AppStore|iPhoneSimulator.Build.0 = Release|Any CPU
		{DB15BA2A-71A0-4883-9E04-699D299949C3}.AppStore|x64.ActiveCfg = Release|Any CPU
		{DB15BA2A-71A0-4883-9E04-699D299949C3}.AppStore|x64.Build.0 = Release|Any CPU
		{DB15BA2A-71A0-4883-9E04-699D299949C3}.AppStore|x86.ActiveCfg = Release|Any CPU
		{DB15BA2A-71A0-4883-9E04-699D299949C3}.AppStore|x86.Build.0 = Release|Any CPU
		{DB15BA2A-71A0-4883-9E04-699D299949C3}.Debug|Any CPU.ActiveCfg = Debug|Any CPU
		{DB15BA2A-71A0-4883-9E04-699D299949C3}.Debug|Any CPU.Build.0 = Debug|Any CPU
		{DB15BA2A-71A0-4883-9E04-699D299949C3}.Debug|ARM.ActiveCfg = Debug|Any CPU
		{DB15BA2A-71A0-4883-9E04-699D299949C3}.Debug|ARM.Build.0 = Debug|Any CPU
		{DB15BA2A-71A0-4883-9E04-699D299949C3}.Debug|iPhone.ActiveCfg = Debug|Any CPU
		{DB15BA2A-71A0-4883-9E04-699D299949C3}.Debug|iPhone.Build.0 = Debug|Any CPU
		{DB15BA2A-71A0-4883-9E04-699D299949C3}.Debug|iPhoneSimulator.ActiveCfg = Debug|Any CPU
		{DB15BA2A-71A0-4883-9E04-699D299949C3}.Debug|iPhoneSimulator.Build.0 = Debug|Any CPU
		{DB15BA2A-71A0-4883-9E04-699D299949C3}.Debug|x64.ActiveCfg = Debug|Any CPU
		{DB15BA2A-71A0-4883-9E04-699D299949C3}.Debug|x64.Build.0 = Debug|Any CPU
		{DB15BA2A-71A0-4883-9E04-699D299949C3}.Debug|x86.ActiveCfg = Debug|Any CPU
		{DB15BA2A-71A0-4883-9E04-699D299949C3}.Debug|x86.Build.0 = Debug|Any CPU
		{DB15BA2A-71A0-4883-9E04-699D299949C3}.Release|Any CPU.ActiveCfg = Release|Any CPU
		{DB15BA2A-71A0-4883-9E04-699D299949C3}.Release|Any CPU.Build.0 = Release|Any CPU
		{DB15BA2A-71A0-4883-9E04-699D299949C3}.Release|ARM.ActiveCfg = Release|Any CPU
		{DB15BA2A-71A0-4883-9E04-699D299949C3}.Release|ARM.Build.0 = Release|Any CPU
		{DB15BA2A-71A0-4883-9E04-699D299949C3}.Release|iPhone.ActiveCfg = Release|Any CPU
		{DB15BA2A-71A0-4883-9E04-699D299949C3}.Release|iPhone.Build.0 = Release|Any CPU
		{DB15BA2A-71A0-4883-9E04-699D299949C3}.Release|iPhoneSimulator.ActiveCfg = Release|Any CPU
		{DB15BA2A-71A0-4883-9E04-699D299949C3}.Release|iPhoneSimulator.Build.0 = Release|Any CPU
		{DB15BA2A-71A0-4883-9E04-699D299949C3}.Release|x64.ActiveCfg = Release|Any CPU
		{DB15BA2A-71A0-4883-9E04-699D299949C3}.Release|x64.Build.0 = Release|Any CPU
		{DB15BA2A-71A0-4883-9E04-699D299949C3}.Release|x86.ActiveCfg = Release|Any CPU
		{DB15BA2A-71A0-4883-9E04-699D299949C3}.Release|x86.Build.0 = Release|Any CPU
		{D4D62D5A-72BE-41BC-8A5C-6699A8051B35}.Ad-Hoc|Any CPU.ActiveCfg = Release|x86
		{D4D62D5A-72BE-41BC-8A5C-6699A8051B35}.Ad-Hoc|Any CPU.Build.0 = Release|x86
		{D4D62D5A-72BE-41BC-8A5C-6699A8051B35}.Ad-Hoc|Any CPU.Deploy.0 = Release|x86
		{D4D62D5A-72BE-41BC-8A5C-6699A8051B35}.Ad-Hoc|ARM.ActiveCfg = Release|ARM
		{D4D62D5A-72BE-41BC-8A5C-6699A8051B35}.Ad-Hoc|ARM.Build.0 = Release|ARM
		{D4D62D5A-72BE-41BC-8A5C-6699A8051B35}.Ad-Hoc|ARM.Deploy.0 = Release|ARM
		{D4D62D5A-72BE-41BC-8A5C-6699A8051B35}.Ad-Hoc|iPhone.ActiveCfg = Release|x86
		{D4D62D5A-72BE-41BC-8A5C-6699A8051B35}.Ad-Hoc|iPhone.Build.0 = Release|x86
		{D4D62D5A-72BE-41BC-8A5C-6699A8051B35}.Ad-Hoc|iPhone.Deploy.0 = Release|x86
		{D4D62D5A-72BE-41BC-8A5C-6699A8051B35}.Ad-Hoc|iPhoneSimulator.ActiveCfg = Release|x86
		{D4D62D5A-72BE-41BC-8A5C-6699A8051B35}.Ad-Hoc|iPhoneSimulator.Build.0 = Release|x86
		{D4D62D5A-72BE-41BC-8A5C-6699A8051B35}.Ad-Hoc|iPhoneSimulator.Deploy.0 = Release|x86
		{D4D62D5A-72BE-41BC-8A5C-6699A8051B35}.Ad-Hoc|x64.ActiveCfg = Release|x64
		{D4D62D5A-72BE-41BC-8A5C-6699A8051B35}.Ad-Hoc|x64.Build.0 = Release|x64
		{D4D62D5A-72BE-41BC-8A5C-6699A8051B35}.Ad-Hoc|x64.Deploy.0 = Release|x64
		{D4D62D5A-72BE-41BC-8A5C-6699A8051B35}.Ad-Hoc|x86.ActiveCfg = Release|x86
		{D4D62D5A-72BE-41BC-8A5C-6699A8051B35}.Ad-Hoc|x86.Build.0 = Release|x86
		{D4D62D5A-72BE-41BC-8A5C-6699A8051B35}.Ad-Hoc|x86.Deploy.0 = Release|x86
		{D4D62D5A-72BE-41BC-8A5C-6699A8051B35}.AppStore|Any CPU.ActiveCfg = Release|x86
		{D4D62D5A-72BE-41BC-8A5C-6699A8051B35}.AppStore|Any CPU.Build.0 = Release|x86
		{D4D62D5A-72BE-41BC-8A5C-6699A8051B35}.AppStore|Any CPU.Deploy.0 = Release|x86
		{D4D62D5A-72BE-41BC-8A5C-6699A8051B35}.AppStore|ARM.ActiveCfg = Release|ARM
		{D4D62D5A-72BE-41BC-8A5C-6699A8051B35}.AppStore|ARM.Build.0 = Release|ARM
		{D4D62D5A-72BE-41BC-8A5C-6699A8051B35}.AppStore|ARM.Deploy.0 = Release|ARM
		{D4D62D5A-72BE-41BC-8A5C-6699A8051B35}.AppStore|iPhone.ActiveCfg = Release|x86
		{D4D62D5A-72BE-41BC-8A5C-6699A8051B35}.AppStore|iPhone.Build.0 = Release|x86
		{D4D62D5A-72BE-41BC-8A5C-6699A8051B35}.AppStore|iPhone.Deploy.0 = Release|x86
		{D4D62D5A-72BE-41BC-8A5C-6699A8051B35}.AppStore|iPhoneSimulator.ActiveCfg = Release|x86
		{D4D62D5A-72BE-41BC-8A5C-6699A8051B35}.AppStore|iPhoneSimulator.Build.0 = Release|x86
		{D4D62D5A-72BE-41BC-8A5C-6699A8051B35}.AppStore|iPhoneSimulator.Deploy.0 = Release|x86
		{D4D62D5A-72BE-41BC-8A5C-6699A8051B35}.AppStore|x64.ActiveCfg = Release|x64
		{D4D62D5A-72BE-41BC-8A5C-6699A8051B35}.AppStore|x64.Build.0 = Release|x64
		{D4D62D5A-72BE-41BC-8A5C-6699A8051B35}.AppStore|x64.Deploy.0 = Release|x64
		{D4D62D5A-72BE-41BC-8A5C-6699A8051B35}.AppStore|x86.ActiveCfg = Release|x86
		{D4D62D5A-72BE-41BC-8A5C-6699A8051B35}.AppStore|x86.Build.0 = Release|x86
		{D4D62D5A-72BE-41BC-8A5C-6699A8051B35}.AppStore|x86.Deploy.0 = Release|x86
		{D4D62D5A-72BE-41BC-8A5C-6699A8051B35}.Debug|Any CPU.ActiveCfg = Debug|x86
		{D4D62D5A-72BE-41BC-8A5C-6699A8051B35}.Debug|ARM.ActiveCfg = Debug|ARM
		{D4D62D5A-72BE-41BC-8A5C-6699A8051B35}.Debug|ARM.Build.0 = Debug|ARM
		{D4D62D5A-72BE-41BC-8A5C-6699A8051B35}.Debug|ARM.Deploy.0 = Debug|ARM
		{D4D62D5A-72BE-41BC-8A5C-6699A8051B35}.Debug|iPhone.ActiveCfg = Debug|x86
		{D4D62D5A-72BE-41BC-8A5C-6699A8051B35}.Debug|iPhoneSimulator.ActiveCfg = Debug|x86
		{D4D62D5A-72BE-41BC-8A5C-6699A8051B35}.Debug|x64.ActiveCfg = Debug|x64
		{D4D62D5A-72BE-41BC-8A5C-6699A8051B35}.Debug|x64.Build.0 = Debug|x64
		{D4D62D5A-72BE-41BC-8A5C-6699A8051B35}.Debug|x64.Deploy.0 = Debug|x64
		{D4D62D5A-72BE-41BC-8A5C-6699A8051B35}.Debug|x86.ActiveCfg = Debug|x86
		{D4D62D5A-72BE-41BC-8A5C-6699A8051B35}.Debug|x86.Build.0 = Debug|x86
		{D4D62D5A-72BE-41BC-8A5C-6699A8051B35}.Debug|x86.Deploy.0 = Debug|x86
		{D4D62D5A-72BE-41BC-8A5C-6699A8051B35}.Release|Any CPU.ActiveCfg = Release|x86
		{D4D62D5A-72BE-41BC-8A5C-6699A8051B35}.Release|ARM.ActiveCfg = Release|ARM
		{D4D62D5A-72BE-41BC-8A5C-6699A8051B35}.Release|ARM.Build.0 = Release|ARM
		{D4D62D5A-72BE-41BC-8A5C-6699A8051B35}.Release|ARM.Deploy.0 = Release|ARM
		{D4D62D5A-72BE-41BC-8A5C-6699A8051B35}.Release|iPhone.ActiveCfg = Release|x86
		{D4D62D5A-72BE-41BC-8A5C-6699A8051B35}.Release|iPhoneSimulator.ActiveCfg = Release|x86
		{D4D62D5A-72BE-41BC-8A5C-6699A8051B35}.Release|x64.ActiveCfg = Release|x64
		{D4D62D5A-72BE-41BC-8A5C-6699A8051B35}.Release|x64.Build.0 = Release|x64
		{D4D62D5A-72BE-41BC-8A5C-6699A8051B35}.Release|x64.Deploy.0 = Release|x64
		{D4D62D5A-72BE-41BC-8A5C-6699A8051B35}.Release|x86.ActiveCfg = Release|x86
		{D4D62D5A-72BE-41BC-8A5C-6699A8051B35}.Release|x86.Build.0 = Release|x86
		{D4D62D5A-72BE-41BC-8A5C-6699A8051B35}.Release|x86.Deploy.0 = Release|x86
		{4DDA647C-A94A-4E17-BCB7-49347A755533}.Ad-Hoc|Any CPU.ActiveCfg = Ad-Hoc|iPhone
		{4DDA647C-A94A-4E17-BCB7-49347A755533}.Ad-Hoc|ARM.ActiveCfg = Ad-Hoc|iPhone
		{4DDA647C-A94A-4E17-BCB7-49347A755533}.Ad-Hoc|iPhone.ActiveCfg = Ad-Hoc|iPhone
		{4DDA647C-A94A-4E17-BCB7-49347A755533}.Ad-Hoc|iPhone.Build.0 = Ad-Hoc|iPhone
		{4DDA647C-A94A-4E17-BCB7-49347A755533}.Ad-Hoc|iPhoneSimulator.ActiveCfg = Ad-Hoc|iPhoneSimulator
		{4DDA647C-A94A-4E17-BCB7-49347A755533}.Ad-Hoc|iPhoneSimulator.Build.0 = Ad-Hoc|iPhoneSimulator
		{4DDA647C-A94A-4E17-BCB7-49347A755533}.Ad-Hoc|x64.ActiveCfg = Ad-Hoc|iPhone
		{4DDA647C-A94A-4E17-BCB7-49347A755533}.Ad-Hoc|x86.ActiveCfg = Ad-Hoc|iPhone
		{4DDA647C-A94A-4E17-BCB7-49347A755533}.AppStore|Any CPU.ActiveCfg = AppStore|iPhone
		{4DDA647C-A94A-4E17-BCB7-49347A755533}.AppStore|ARM.ActiveCfg = AppStore|iPhone
		{4DDA647C-A94A-4E17-BCB7-49347A755533}.AppStore|iPhone.ActiveCfg = AppStore|iPhone
		{4DDA647C-A94A-4E17-BCB7-49347A755533}.AppStore|iPhone.Build.0 = AppStore|iPhone
		{4DDA647C-A94A-4E17-BCB7-49347A755533}.AppStore|iPhoneSimulator.ActiveCfg = AppStore|iPhoneSimulator
		{4DDA647C-A94A-4E17-BCB7-49347A755533}.AppStore|iPhoneSimulator.Build.0 = AppStore|iPhoneSimulator
		{4DDA647C-A94A-4E17-BCB7-49347A755533}.AppStore|x64.ActiveCfg = AppStore|iPhone
		{4DDA647C-A94A-4E17-BCB7-49347A755533}.AppStore|x86.ActiveCfg = AppStore|iPhone
		{4DDA647C-A94A-4E17-BCB7-49347A755533}.Debug|Any CPU.ActiveCfg = Debug|iPhone
		{4DDA647C-A94A-4E17-BCB7-49347A755533}.Debug|ARM.ActiveCfg = Debug|iPhone
		{4DDA647C-A94A-4E17-BCB7-49347A755533}.Debug|iPhone.ActiveCfg = Debug|iPhone
		{4DDA647C-A94A-4E17-BCB7-49347A755533}.Debug|iPhone.Build.0 = Debug|iPhone
		{4DDA647C-A94A-4E17-BCB7-49347A755533}.Debug|iPhoneSimulator.ActiveCfg = Debug|iPhoneSimulator
		{4DDA647C-A94A-4E17-BCB7-49347A755533}.Debug|iPhoneSimulator.Build.0 = Debug|iPhoneSimulator
		{4DDA647C-A94A-4E17-BCB7-49347A755533}.Debug|x64.ActiveCfg = Debug|iPhone
		{4DDA647C-A94A-4E17-BCB7-49347A755533}.Debug|x86.ActiveCfg = Debug|iPhone
		{4DDA647C-A94A-4E17-BCB7-49347A755533}.Release|Any CPU.ActiveCfg = Release|iPhone
		{4DDA647C-A94A-4E17-BCB7-49347A755533}.Release|ARM.ActiveCfg = Release|iPhone
		{4DDA647C-A94A-4E17-BCB7-49347A755533}.Release|iPhone.ActiveCfg = Release|iPhone
		{4DDA647C-A94A-4E17-BCB7-49347A755533}.Release|iPhone.Build.0 = Release|iPhone
		{4DDA647C-A94A-4E17-BCB7-49347A755533}.Release|iPhoneSimulator.ActiveCfg = Release|iPhoneSimulator
		{4DDA647C-A94A-4E17-BCB7-49347A755533}.Release|iPhoneSimulator.Build.0 = Release|iPhoneSimulator
		{4DDA647C-A94A-4E17-BCB7-49347A755533}.Release|x64.ActiveCfg = Release|iPhone
		{4DDA647C-A94A-4E17-BCB7-49347A755533}.Release|x86.ActiveCfg = Release|iPhone
	EndGlobalSection
	GlobalSection(SolutionProperties) = preSolution
		HideSolutionNode = FALSE
	EndGlobalSection
	GlobalSection(ExtensibilityGlobals) = postSolution
		SolutionGuid = {B85B8CD6-45D7-4263-8D75-1D08BEE3BCA3}
	EndGlobalSection
EndGlobal
